
Microsoft Visual Studio Solution File, Format Version 12.00
# Visual Studio Version 17
VisualStudioVersion = 17.6.33815.320
MinimumVisualStudioVersion = 10.0.40219.1
Project("{8BC9CEB8-8B4A-11D0-8D11-00A0C91BC942}") = "pgrid", "pgrid\pgrid.vcxproj", "{C5167DBB-BDF5-4BB1-85ED-70A056FFE2D2}"
EndProject
Project("{8BC9CEB8-8B4A-11D0-8D11-00A0C91BC942}") = "UnitTesting", "UnitTesting\UnitTesting.vcxproj", "{B69DABA8-1BD8-4ED6-8FC5-6BC728F84DBA}"
EndProject
Project("{2150E333-8FDC-42A3-9474-1A3956D46DE8}") = "Solution Items", "Solution Items", "{03D63719-80B3-4BBA-8E6A-860779E01647}"
	ProjectSection(SolutionItems) = preProject
		LICENSE.md = LICENSE.md
		README.md = README.md
	EndProjectSection
EndProject
Project("{C7167F0D-BC9F-4E6E-AFE1-012C56B48DB5}") = "pgridPackagingProject", "pgridPackagingProject\pgridPackagingProject.wapproj", "{522845EB-01E3-4373-B245-4E47744EE657}"
EndProject
Global
	GlobalSection(SolutionConfigurationPlatforms) = preSolution
		Debug|Any CPU = Debug|Any CPU
		Debug|ARM = Debug|ARM
		Debug|ARM64 = Debug|ARM64
		Debug|x64 = Debug|x64
		Debug|x86 = Debug|x86
		Release|Any CPU = Release|Any CPU
		Release|ARM = Release|ARM
		Release|ARM64 = Release|ARM64
		Release|x64 = Release|x64
		Release|x86 = Release|x86
	EndGlobalSection
	GlobalSection(ProjectConfigurationPlatforms) = postSolution
		{C5167DBB-BDF5-4BB1-85ED-70A056FFE2D2}.Debug|Any CPU.ActiveCfg = Debug|x64
		{C5167DBB-BDF5-4BB1-85ED-70A056FFE2D2}.Debug|Any CPU.Build.0 = Debug|x64
		{C5167DBB-BDF5-4BB1-85ED-70A056FFE2D2}.Debug|ARM.ActiveCfg = Debug|x64
		{C5167DBB-BDF5-4BB1-85ED-70A056FFE2D2}.Debug|ARM.Build.0 = Debug|x64
		{C5167DBB-BDF5-4BB1-85ED-70A056FFE2D2}.Debug|ARM64.ActiveCfg = Debug|x64
		{C5167DBB-BDF5-4BB1-85ED-70A056FFE2D2}.Debug|ARM64.Build.0 = Debug|x64
		{C5167DBB-BDF5-4BB1-85ED-70A056FFE2D2}.Debug|x64.ActiveCfg = Debug|x64
		{C5167DBB-BDF5-4BB1-85ED-70A056FFE2D2}.Debug|x64.Build.0 = Debug|x64
		{C5167DBB-BDF5-4BB1-85ED-70A056FFE2D2}.Debug|x86.ActiveCfg = Debug|Win32
		{C5167DBB-BDF5-4BB1-85ED-70A056FFE2D2}.Debug|x86.Build.0 = Debug|Win32
		{C5167DBB-BDF5-4BB1-85ED-70A056FFE2D2}.Release|Any CPU.ActiveCfg = Release|x64
		{C5167DBB-BDF5-4BB1-85ED-70A056FFE2D2}.Release|Any CPU.Build.0 = Release|x64
		{C5167DBB-BDF5-4BB1-85ED-70A056FFE2D2}.Release|ARM.ActiveCfg = Release|x64
		{C5167DBB-BDF5-4BB1-85ED-70A056FFE2D2}.Release|ARM.Build.0 = Release|x64
		{C5167DBB-BDF5-4BB1-85ED-70A056FFE2D2}.Release|ARM64.ActiveCfg = Release|x64
		{C5167DBB-BDF5-4BB1-85ED-70A056FFE2D2}.Release|ARM64.Build.0 = Release|x64
		{C5167DBB-BDF5-4BB1-85ED-70A056FFE2D2}.Release|x64.ActiveCfg = Release|x64
		{C5167DBB-BDF5-4BB1-85ED-70A056FFE2D2}.Release|x64.Build.0 = Release|x64
		{C5167DBB-BDF5-4BB1-85ED-70A056FFE2D2}.Release|x86.ActiveCfg = Release|Win32
		{C5167DBB-BDF5-4BB1-85ED-70A056FFE2D2}.Release|x86.Build.0 = Release|Win32
		{B69DABA8-1BD8-4ED6-8FC5-6BC728F84DBA}.Debug|Any CPU.ActiveCfg = Debug|x64
		{B69DABA8-1BD8-4ED6-8FC5-6BC728F84DBA}.Debug|Any CPU.Build.0 = Debug|x64
		{B69DABA8-1BD8-4ED6-8FC5-6BC728F84DBA}.Debug|ARM.ActiveCfg = Debug|x64
		{B69DABA8-1BD8-4ED6-8FC5-6BC728F84DBA}.Debug|ARM.Build.0 = Debug|x64
		{B69DABA8-1BD8-4ED6-8FC5-6BC728F84DBA}.Debug|ARM64.ActiveCfg = Debug|x64
		{B69DABA8-1BD8-4ED6-8FC5-6BC728F84DBA}.Debug|ARM64.Build.0 = Debug|x64
		{B69DABA8-1BD8-4ED6-8FC5-6BC728F84DBA}.Debug|x64.ActiveCfg = Debug|x64
		{B69DABA8-1BD8-4ED6-8FC5-6BC728F84DBA}.Debug|x64.Build.0 = Debug|x64
		{B69DABA8-1BD8-4ED6-8FC5-6BC728F84DBA}.Debug|x86.ActiveCfg = Debug|Win32
		{B69DABA8-1BD8-4ED6-8FC5-6BC728F84DBA}.Debug|x86.Build.0 = Debug|Win32
		{B69DABA8-1BD8-4ED6-8FC5-6BC728F84DBA}.Release|Any CPU.ActiveCfg = Release|x64
		{B69DABA8-1BD8-4ED6-8FC5-6BC728F84DBA}.Release|Any CPU.Build.0 = Release|x64
		{B69DABA8-1BD8-4ED6-8FC5-6BC728F84DBA}.Release|ARM.ActiveCfg = Release|x64
		{B69DABA8-1BD8-4ED6-8FC5-6BC728F84DBA}.Release|ARM.Build.0 = Release|x64
		{B69DABA8-1BD8-4ED6-8FC5-6BC728F84DBA}.Release|ARM64.ActiveCfg = Release|x64
		{B69DABA8-1BD8-4ED6-8FC5-6BC728F84DBA}.Release|ARM64.Build.0 = Release|x64
		{B69DABA8-1BD8-4ED6-8FC5-6BC728F84DBA}.Release|x64.ActiveCfg = Release|x64
		{B69DABA8-1BD8-4ED6-8FC5-6BC728F84DBA}.Release|x64.Build.0 = Release|x64
		{B69DABA8-1BD8-4ED6-8FC5-6BC728F84DBA}.Release|x86.ActiveCfg = Release|Win32
		{B69DABA8-1BD8-4ED6-8FC5-6BC728F84DBA}.Release|x86.Build.0 = Release|Win32
		{522845EB-01E3-4373-B245-4E47744EE657}.Debug|Any CPU.ActiveCfg = Debug|Any CPU
		{522845EB-01E3-4373-B245-4E47744EE657}.Debug|Any CPU.Build.0 = Debug|Any CPU
		{522845EB-01E3-4373-B245-4E47744EE657}.Debug|ARM.ActiveCfg = Debug|ARM
		{522845EB-01E3-4373-B245-4E47744EE657}.Debug|ARM.Build.0 = Debug|ARM
		{522845EB-01E3-4373-B245-4E47744EE657}.Debug|ARM64.ActiveCfg = Debug|ARM64
		{522845EB-01E3-4373-B245-4E47744EE657}.Debug|ARM64.Build.0 = Debug|ARM64
		{522845EB-01E3-4373-B245-4E47744EE657}.Debug|x64.ActiveCfg = Debug|x64
		{522845EB-01E3-4373-B245-4E47744EE657}.Debug|x64.Build.0 = Debug|x64
		{522845EB-01E3-4373-B245-4E47744EE657}.Debug|x86.ActiveCfg = Debug|x86
		{522845EB-01E3-4373-B245-4E47744EE657}.Debug|x86.Build.0 = Debug|x86
		{522845EB-01E3-4373-B245-4E47744EE657}.Release|Any CPU.ActiveCfg = Release|Any CPU
		{522845EB-01E3-4373-B245-4E47744EE657}.Release|Any CPU.Build.0 = Release|Any CPU
		{522845EB-01E3-4373-B245-4E47744EE657}.Release|ARM.ActiveCfg = Release|ARM
		{522845EB-01E3-4373-B245-4E47744EE657}.Release|ARM.Build.0 = Release|ARM
		{522845EB-01E3-4373-B245-4E47744EE657}.Release|ARM64.ActiveCfg = Release|ARM64
		{522845EB-01E3-4373-B245-4E47744EE657}.Release|ARM64.Build.0 = Release|ARM64
		{522845EB-01E3-4373-B245-4E47744EE657}.Release|x64.ActiveCfg = Release|x64
		{522845EB-01E3-4373-B245-4E47744EE657}.Release|x64.Build.0 = Release|x64
		{522845EB-01E3-4373-B245-4E47744EE657}.Release|x64.Deploy.0 = Release|x64
		{522845EB-01E3-4373-B245-4E47744EE657}.Release|x86.ActiveCfg = Release|x86
		{522845EB-01E3-4373-B245-4E47744EE657}.Release|x86.Build.0 = Release|x86
	EndGlobalSection
	GlobalSection(SolutionProperties) = preSolution
		HideSolutionNode = FALSE
	EndGlobalSection
	GlobalSection(ExtensibilityGlobals) = postSolution
		SolutionGuid = {C5553E8B-A950-4696-A148-D3EDABE0D13A}
	EndGlobalSection
EndGlobal
